// !$*UTF8*$!
{
	archiveVersion = 1;
	classes = {
	};
	objectVersion = 55;
	objects = {

/* Begin PBXBuildFile section */
		0EC21F4C5D33C39B97587978 /* Pods_Airbnb.framework in Frameworks */ = {isa = PBXBuildFile; fileRef = 3CC1E133B9F1D8CF1859B8D0 /* Pods_Airbnb.framework */; };
		33D6A8E53BA7E69CBCB5293A /* Pods_Airbnb_AirbnbUITests.framework in Frameworks */ = {isa = PBXBuildFile; fileRef = B8C1C869B0BC716E37E2003A /* Pods_Airbnb_AirbnbUITests.framework */; };
		980C6CB3284FB48E0098D50C /* CodableLayoutView.swift in Sources */ = {isa = PBXBuildFile; fileRef = 980C6CB2284FB48E0098D50C /* CodableLayoutView.swift */; };
		98113AB328488A42007412E2 /* RoomListUseCase.swift in Sources */ = {isa = PBXBuildFile; fileRef = 98113AB228488A42007412E2 /* RoomListUseCase.swift */; };
		98113AB6284893F8007412E2 /* SearchResultRoomsHeaderView.swift in Sources */ = {isa = PBXBuildFile; fileRef = 98113AB5284893F7007412E2 /* SearchResultRoomsHeaderView.swift */; };
		98113AB828489428007412E2 /* SearchResultRoomCell.swift in Sources */ = {isa = PBXBuildFile; fileRef = 98113AB728489428007412E2 /* SearchResultRoomCell.swift */; };
		982F76592844BE5900DF8523 /* RoomDetailViewController.swift in Sources */ = {isa = PBXBuildFile; fileRef = 982F76582844BE5900DF8523 /* RoomDetailViewController.swift */; };
		982F765C2844C33F00DF8523 /* NetworkServiceManager.swift in Sources */ = {isa = PBXBuildFile; fileRef = 982F765B2844C33F00DF8523 /* NetworkServiceManager.swift */; };
		983A6003283F468D00DDB517 /* PositionSearchModelTest.swift in Sources */ = {isa = PBXBuildFile; fileRef = 983A6002283F468D00DDB517 /* PositionSearchModelTest.swift */; };
		983A6005283F6CF600DDB517 /* PositionSearchFactory.swift in Sources */ = {isa = PBXBuildFile; fileRef = 983A6004283F6CF600DDB517 /* PositionSearchFactory.swift */; };
		98593DFE283CC75C00B28960 /* AppDelegate.swift in Sources */ = {isa = PBXBuildFile; fileRef = 98593DFD283CC75C00B28960 /* AppDelegate.swift */; };
		98593E00283CC75C00B28960 /* SceneDelegate.swift in Sources */ = {isa = PBXBuildFile; fileRef = 98593DFF283CC75C00B28960 /* SceneDelegate.swift */; };
		98593E02283CC75C00B28960 /* HomeViewController.swift in Sources */ = {isa = PBXBuildFile; fileRef = 98593E01283CC75C00B28960 /* HomeViewController.swift */; };
		98593E07283CC75D00B28960 /* Assets.xcassets in Resources */ = {isa = PBXBuildFile; fileRef = 98593E06283CC75D00B28960 /* Assets.xcassets */; };
		98593E0A283CC75D00B28960 /* LaunchScreen.storyboard in Resources */ = {isa = PBXBuildFile; fileRef = 98593E08283CC75D00B28960 /* LaunchScreen.storyboard */; };
		98593E15283CC75D00B28960 /* AirbnbTests.swift in Sources */ = {isa = PBXBuildFile; fileRef = 98593E14283CC75D00B28960 /* AirbnbTests.swift */; };
		98593E1F283CC75D00B28960 /* AirbnbUITests.swift in Sources */ = {isa = PBXBuildFile; fileRef = 98593E1E283CC75D00B28960 /* AirbnbUITests.swift */; };
		98593E21283CC75D00B28960 /* AirbnbUITestsLaunchTests.swift in Sources */ = {isa = PBXBuildFile; fileRef = 98593E20283CC75D00B28960 /* AirbnbUITestsLaunchTests.swift */; };
		986B005A283F86C2008E3EEB /* RoomListViewController.swift in Sources */ = {isa = PBXBuildFile; fileRef = 986B0059283F86C2008E3EEB /* RoomListViewController.swift */; };
		9874AA07284DA2CF006D5D60 /* ImageAssets.xcassets in Resources */ = {isa = PBXBuildFile; fileRef = 9874AA06284DA2CF006D5D60 /* ImageAssets.xcassets */; };
		9874AA09284DA49A006D5D60 /* UIColor+Extension.swift in Sources */ = {isa = PBXBuildFile; fileRef = 9874AA08284DA49A006D5D60 /* UIColor+Extension.swift */; };
		9874AA0B284DD058006D5D60 /* RoomDetailCarouselImagesView.swift in Sources */ = {isa = PBXBuildFile; fileRef = 9874AA0A284DD058006D5D60 /* RoomDetailCarouselImagesView.swift */; };
		989934A22844E98600317A84 /* RoomDetailRepository.swift in Sources */ = {isa = PBXBuildFile; fileRef = 989934A12844E98600317A84 /* RoomDetailRepository.swift */; };
		989934A42844F23300317A84 /* RoomDetail.swift in Sources */ = {isa = PBXBuildFile; fileRef = 989934A32844F23300317A84 /* RoomDetail.swift */; };
		989934A62844F56A00317A84 /* EndPoint.swift in Sources */ = {isa = PBXBuildFile; fileRef = 989934A52844F56A00317A84 /* EndPoint.swift */; };
		989934A82844F5A700317A84 /* ContentType.swift in Sources */ = {isa = PBXBuildFile; fileRef = 989934A72844F5A700317A84 /* ContentType.swift */; };
		989934AA2844F5C100317A84 /* HttpMethod.swift in Sources */ = {isa = PBXBuildFile; fileRef = 989934A92844F5C100317A84 /* HttpMethod.swift */; };
		989934AC2844F69500317A84 /* RoomDetailUseCase.swift in Sources */ = {isa = PBXBuildFile; fileRef = 989934AB2844F69500317A84 /* RoomDetailUseCase.swift */; };
		98B2756F2848F11D003BE859 /* Margins.swift in Sources */ = {isa = PBXBuildFile; fileRef = 98B2756E2848F11D003BE859 /* Margins.swift */; };
		98B98E112847C94300F76D11 /* RoomDetailDescriptionView.swift in Sources */ = {isa = PBXBuildFile; fileRef = 98B98E102847C94300F76D11 /* RoomDetailDescriptionView.swift */; };
		98B98E132847CA3100F76D11 /* UIView+Extension.swift in Sources */ = {isa = PBXBuildFile; fileRef = 98B98E122847CA3100F76D11 /* UIView+Extension.swift */; };
		98B98E152847CAB800F76D11 /* RoomDetailHostProfileView.swift in Sources */ = {isa = PBXBuildFile; fileRef = 98B98E142847CAB800F76D11 /* RoomDetailHostProfileView.swift */; };
		98B98E172847CAEE00F76D11 /* RoomDetailTitleView.swift in Sources */ = {isa = PBXBuildFile; fileRef = 98B98E162847CAEE00F76D11 /* RoomDetailTitleView.swift */; };
		98B98E192847CB5800F76D11 /* RoomDetailReservateView.swift in Sources */ = {isa = PBXBuildFile; fileRef = 98B98E182847CB5800F76D11 /* RoomDetailReservateView.swift */; };
		98B98E1B2847E23400F76D11 /* RoundButton.swift in Sources */ = {isa = PBXBuildFile; fileRef = 98B98E1A2847E23400F76D11 /* RoundButton.swift */; };
		98E0C687283DF8DA00C5BDF9 /* RoomPosition.swift in Sources */ = {isa = PBXBuildFile; fileRef = 98E0C686283DF8DA00C5BDF9 /* RoomPosition.swift */; };
		98F11303283F11B700009232 /* PositionSearchUseCase.swift in Sources */ = {isa = PBXBuildFile; fileRef = 98F11302283F11B700009232 /* PositionSearchUseCase.swift */; };
		98F11306283F27C000009232 /* Observable.swift in Sources */ = {isa = PBXBuildFile; fileRef = 98F11305283F27C000009232 /* Observable.swift */; };
		98FAC3BF285283E2005475D7 /* RoomDetailRepositoryProtocol.swift in Sources */ = {isa = PBXBuildFile; fileRef = 98FAC3BE285283E2005475D7 /* RoomDetailRepositoryProtocol.swift */; };
		B5093530283DCB490017C8E0 /* PositionSearchViewController.swift in Sources */ = {isa = PBXBuildFile; fileRef = B509352F283DCB490017C8E0 /* PositionSearchViewController.swift */; };
		B5093539283E12D70017C8E0 /* RoomPositionCategory.swift in Sources */ = {isa = PBXBuildFile; fileRef = B5093538283E12D70017C8E0 /* RoomPositionCategory.swift */; };
		B509353B283F68C50017C8E0 /* SearchFilterViewController.swift in Sources */ = {isa = PBXBuildFile; fileRef = B509353A283F68C50017C8E0 /* SearchFilterViewController.swift */; };
		B5093544283FD3F90017C8E0 /* SearchFilterTableViewCell.swift in Sources */ = {isa = PBXBuildFile; fileRef = B5093543283FD3F90017C8E0 /* SearchFilterTableViewCell.swift */; };
		B5093546283FD50D0017C8E0 /* FilterCategory.swift in Sources */ = {isa = PBXBuildFile; fileRef = B5093545283FD50D0017C8E0 /* FilterCategory.swift */; };
		B5093548283FEA200017C8E0 /* CustomTableDataSource.swift in Sources */ = {isa = PBXBuildFile; fileRef = B5093547283FEA200017C8E0 /* CustomTableDataSource.swift */; };
		B55A638D2845AC5B00E08EE0 /* SearchFilterUseCase.swift in Sources */ = {isa = PBXBuildFile; fileRef = B55A638C2845AC5B00E08EE0 /* SearchFilterUseCase.swift */; };
		B55A6390284706A800E08EE0 /* RoomPositionMapRepository.swift in Sources */ = {isa = PBXBuildFile; fileRef = B55A638F284706A800E08EE0 /* RoomPositionMapRepository.swift */; };
		B55A6392284706B100E08EE0 /* RoomPositionMapUseCase.swift in Sources */ = {isa = PBXBuildFile; fileRef = B55A6391284706B100E08EE0 /* RoomPositionMapUseCase.swift */; };
		B55A63942847070200E08EE0 /* JsonHandler.swift in Sources */ = {isa = PBXBuildFile; fileRef = B55A63932847070200E08EE0 /* JsonHandler.swift */; };
		B55A639828470EC400E08EE0 /* RoomPositionInfo.swift in Sources */ = {isa = PBXBuildFile; fileRef = B55A639728470EC400E08EE0 /* RoomPositionInfo.swift */; };
		B55A639A28471E7100E08EE0 /* RoomPositionMapCollectionViewCell.swift in Sources */ = {isa = PBXBuildFile; fileRef = B55A639928471E7100E08EE0 /* RoomPositionMapCollectionViewCell.swift */; };
		B55A639C28477E9600E08EE0 /* CustomCollectionViewDataSource.swift in Sources */ = {isa = PBXBuildFile; fileRef = B55A639B28477E9600E08EE0 /* CustomCollectionViewDataSource.swift */; };
		B55A639E2847C89E00E08EE0 /* CustomGoogleMapMarker.swift in Sources */ = {isa = PBXBuildFile; fileRef = B55A639D2847C89E00E08EE0 /* CustomGoogleMapMarker.swift */; };
		B56F5A82284E0CB700458C44 /* ConfigProperty.plist in Resources */ = {isa = PBXBuildFile; fileRef = B56F5A81284E0CB700458C44 /* ConfigProperty.plist */; };
		B56F5A8C284E0D0E00458C44 /* ReservationViewController.swift in Sources */ = {isa = PBXBuildFile; fileRef = B56F5A84284E0D0E00458C44 /* ReservationViewController.swift */; };
		B56F5A8D284E0D0E00458C44 /* ReservationRepository.swift in Sources */ = {isa = PBXBuildFile; fileRef = B56F5A85284E0D0E00458C44 /* ReservationRepository.swift */; };
		B56F5A8E284E0D0E00458C44 /* ReservationUseCase.swift in Sources */ = {isa = PBXBuildFile; fileRef = B56F5A86284E0D0E00458C44 /* ReservationUseCase.swift */; };
		B56F5A8F284E0D0E00458C44 /* ReservationPriceTableViewCell.swift in Sources */ = {isa = PBXBuildFile; fileRef = B56F5A88284E0D0E00458C44 /* ReservationPriceTableViewCell.swift */; };
		B56F5A90284E0D0E00458C44 /* ConditionLabel.swift in Sources */ = {isa = PBXBuildFile; fileRef = B56F5A89284E0D0E00458C44 /* ConditionLabel.swift */; };
		B56F5A91284E0D0E00458C44 /* ReservationPriceView.swift in Sources */ = {isa = PBXBuildFile; fileRef = B56F5A8A284E0D0E00458C44 /* ReservationPriceView.swift */; };
		B56F5A92284E0D0E00458C44 /* ReservationConditionView.swift in Sources */ = {isa = PBXBuildFile; fileRef = B56F5A8B284E0D0E00458C44 /* ReservationConditionView.swift */; };
		B56F5A94284E0D4000458C44 /* Reservation.swift in Sources */ = {isa = PBXBuildFile; fileRef = B56F5A93284E0D4000458C44 /* Reservation.swift */; };
		B56F5A96284E21B000458C44 /* DateComponents+Extension.swift in Sources */ = {isa = PBXBuildFile; fileRef = B56F5A95284E21B000458C44 /* DateComponents+Extension.swift */; };
		B56F5A98284E3AF500458C44 /* ReservationPrice.swift in Sources */ = {isa = PBXBuildFile; fileRef = B56F5A97284E3AF500458C44 /* ReservationPrice.swift */; };
		B56F5A9A284E3E7C00458C44 /* Int+Extension.swift in Sources */ = {isa = PBXBuildFile; fileRef = B56F5A99284E3E7C00458C44 /* Int+Extension.swift */; };
		B56F5A9D284F15A700458C44 /* ReservationModelTest.swift in Sources */ = {isa = PBXBuildFile; fileRef = B56F5A9C284F15A700458C44 /* ReservationModelTest.swift */; };
		B56F5A9F284F27F300458C44 /* ReservationUseCaseTest.swift in Sources */ = {isa = PBXBuildFile; fileRef = B56F5A9E284F27F300458C44 /* ReservationUseCaseTest.swift */; };
		B56F5AA1284F28F100458C44 /* MockNetworkServiceManager.swift in Sources */ = {isa = PBXBuildFile; fileRef = B56F5AA0284F28F100458C44 /* MockNetworkServiceManager.swift */; };
		B56F5AAA2850C79A00458C44 /* RoomPositionMapUseCaseTest.swift in Sources */ = {isa = PBXBuildFile; fileRef = B56F5AA92850C79A00458C44 /* RoomPositionMapUseCaseTest.swift */; };
		B56F5AAD285106E300458C44 /* roomList.json in Resources */ = {isa = PBXBuildFile; fileRef = B56F5AAC285106E200458C44 /* roomList.json */; };
		B570BC53283FF97C008BBC79 /* RoomPositionMapViewController.swift in Sources */ = {isa = PBXBuildFile; fileRef = B570BC52283FF97C008BBC79 /* RoomPositionMapViewController.swift */; };
		B5A133562852343F005274D6 /* PriceCalculator.swift in Sources */ = {isa = PBXBuildFile; fileRef = B5A133552852343F005274D6 /* PriceCalculator.swift */; };
		B5A1335828524594005274D6 /* SearchCondition.swift in Sources */ = {isa = PBXBuildFile; fileRef = B5A1335728524594005274D6 /* SearchCondition.swift */; };
		B5A1335B2852584D005274D6 /* HomeHeaderLabel.swift in Sources */ = {isa = PBXBuildFile; fileRef = B5A1335A2852584D005274D6 /* HomeHeaderLabel.swift */; };
		B5E098E928406B8D00A69BDF /* PrivateStorage.swift in Sources */ = {isa = PBXBuildFile; fileRef = B5E098E828406B8D00A69BDF /* PrivateStorage.swift */; };
		B8F22F16D6A74B2E79A1AB68 /* Pods_AirbnbTests.framework in Frameworks */ = {isa = PBXBuildFile; fileRef = 0CA6B6A2DF8511623B1A7059 /* Pods_AirbnbTests.framework */; };
/* End PBXBuildFile section */

/* Begin PBXContainerItemProxy section */
		98593E11283CC75D00B28960 /* PBXContainerItemProxy */ = {
			isa = PBXContainerItemProxy;
			containerPortal = 98593DF2283CC75C00B28960 /* Project object */;
			proxyType = 1;
			remoteGlobalIDString = 98593DF9283CC75C00B28960;
			remoteInfo = Airbnb;
		};
		98593E1B283CC75D00B28960 /* PBXContainerItemProxy */ = {
			isa = PBXContainerItemProxy;
			containerPortal = 98593DF2283CC75C00B28960 /* Project object */;
			proxyType = 1;
			remoteGlobalIDString = 98593DF9283CC75C00B28960;
			remoteInfo = Airbnb;
		};
/* End PBXContainerItemProxy section */

/* Begin PBXFileReference section */
		0CA6B6A2DF8511623B1A7059 /* Pods_AirbnbTests.framework */ = {isa = PBXFileReference; explicitFileType = wrapper.framework; includeInIndex = 0; path = Pods_AirbnbTests.framework; sourceTree = BUILT_PRODUCTS_DIR; };
		23E50ABD7A1410A0653E5928 /* Pods-Airbnb-AirbnbUITests.debug.xcconfig */ = {isa = PBXFileReference; includeInIndex = 1; lastKnownFileType = text.xcconfig; name = "Pods-Airbnb-AirbnbUITests.debug.xcconfig"; path = "Target Support Files/Pods-Airbnb-AirbnbUITests/Pods-Airbnb-AirbnbUITests.debug.xcconfig"; sourceTree = "<group>"; };
		3CC1E133B9F1D8CF1859B8D0 /* Pods_Airbnb.framework */ = {isa = PBXFileReference; explicitFileType = wrapper.framework; includeInIndex = 0; path = Pods_Airbnb.framework; sourceTree = BUILT_PRODUCTS_DIR; };
		54E47D54C555F8528176E246 /* Pods-AirbnbTests.release.xcconfig */ = {isa = PBXFileReference; includeInIndex = 1; lastKnownFileType = text.xcconfig; name = "Pods-AirbnbTests.release.xcconfig"; path = "Target Support Files/Pods-AirbnbTests/Pods-AirbnbTests.release.xcconfig"; sourceTree = "<group>"; };
		961C633AEAC04338E9FA3D24 /* Pods-AirbnbTests.debug.xcconfig */ = {isa = PBXFileReference; includeInIndex = 1; lastKnownFileType = text.xcconfig; name = "Pods-AirbnbTests.debug.xcconfig"; path = "Target Support Files/Pods-AirbnbTests/Pods-AirbnbTests.debug.xcconfig"; sourceTree = "<group>"; };
		980C6CB2284FB48E0098D50C /* CodableLayoutView.swift */ = {isa = PBXFileReference; lastKnownFileType = sourcecode.swift; path = CodableLayoutView.swift; sourceTree = "<group>"; };
		98113AB228488A42007412E2 /* RoomListUseCase.swift */ = {isa = PBXFileReference; lastKnownFileType = sourcecode.swift; path = RoomListUseCase.swift; sourceTree = "<group>"; };
		98113AB5284893F7007412E2 /* SearchResultRoomsHeaderView.swift */ = {isa = PBXFileReference; lastKnownFileType = sourcecode.swift; path = SearchResultRoomsHeaderView.swift; sourceTree = "<group>"; };
		98113AB728489428007412E2 /* SearchResultRoomCell.swift */ = {isa = PBXFileReference; lastKnownFileType = sourcecode.swift; path = SearchResultRoomCell.swift; sourceTree = "<group>"; };
		982F76582844BE5900DF8523 /* RoomDetailViewController.swift */ = {isa = PBXFileReference; lastKnownFileType = sourcecode.swift; path = RoomDetailViewController.swift; sourceTree = "<group>"; };
		982F765B2844C33F00DF8523 /* NetworkServiceManager.swift */ = {isa = PBXFileReference; lastKnownFileType = sourcecode.swift; path = NetworkServiceManager.swift; sourceTree = "<group>"; };
		983A6002283F468D00DDB517 /* PositionSearchModelTest.swift */ = {isa = PBXFileReference; lastKnownFileType = sourcecode.swift; path = PositionSearchModelTest.swift; sourceTree = "<group>"; };
		983A6004283F6CF600DDB517 /* PositionSearchFactory.swift */ = {isa = PBXFileReference; lastKnownFileType = sourcecode.swift; path = PositionSearchFactory.swift; sourceTree = "<group>"; };
		98593DFA283CC75C00B28960 /* Airbnb.app */ = {isa = PBXFileReference; explicitFileType = wrapper.application; includeInIndex = 0; path = Airbnb.app; sourceTree = BUILT_PRODUCTS_DIR; };
		98593DFD283CC75C00B28960 /* AppDelegate.swift */ = {isa = PBXFileReference; lastKnownFileType = sourcecode.swift; path = AppDelegate.swift; sourceTree = "<group>"; };
		98593DFF283CC75C00B28960 /* SceneDelegate.swift */ = {isa = PBXFileReference; lastKnownFileType = sourcecode.swift; path = SceneDelegate.swift; sourceTree = "<group>"; };
		98593E01283CC75C00B28960 /* HomeViewController.swift */ = {isa = PBXFileReference; lastKnownFileType = sourcecode.swift; path = HomeViewController.swift; sourceTree = "<group>"; };
		98593E06283CC75D00B28960 /* Assets.xcassets */ = {isa = PBXFileReference; lastKnownFileType = folder.assetcatalog; path = Assets.xcassets; sourceTree = "<group>"; };
		98593E09283CC75D00B28960 /* Base */ = {isa = PBXFileReference; lastKnownFileType = file.storyboard; name = Base; path = Base.lproj/LaunchScreen.storyboard; sourceTree = "<group>"; };
		98593E0B283CC75D00B28960 /* Info.plist */ = {isa = PBXFileReference; lastKnownFileType = text.plist.xml; path = Info.plist; sourceTree = "<group>"; };
		98593E10283CC75D00B28960 /* AirbnbTests.xctest */ = {isa = PBXFileReference; explicitFileType = wrapper.cfbundle; includeInIndex = 0; path = AirbnbTests.xctest; sourceTree = BUILT_PRODUCTS_DIR; };
		98593E14283CC75D00B28960 /* AirbnbTests.swift */ = {isa = PBXFileReference; lastKnownFileType = sourcecode.swift; path = AirbnbTests.swift; sourceTree = "<group>"; };
		98593E1A283CC75D00B28960 /* AirbnbUITests.xctest */ = {isa = PBXFileReference; explicitFileType = wrapper.cfbundle; includeInIndex = 0; path = AirbnbUITests.xctest; sourceTree = BUILT_PRODUCTS_DIR; };
		98593E1E283CC75D00B28960 /* AirbnbUITests.swift */ = {isa = PBXFileReference; lastKnownFileType = sourcecode.swift; path = AirbnbUITests.swift; sourceTree = "<group>"; };
		98593E20283CC75D00B28960 /* AirbnbUITestsLaunchTests.swift */ = {isa = PBXFileReference; lastKnownFileType = sourcecode.swift; path = AirbnbUITestsLaunchTests.swift; sourceTree = "<group>"; };
		986B0059283F86C2008E3EEB /* RoomListViewController.swift */ = {isa = PBXFileReference; lastKnownFileType = sourcecode.swift; path = RoomListViewController.swift; sourceTree = "<group>"; };
		9874AA06284DA2CF006D5D60 /* ImageAssets.xcassets */ = {isa = PBXFileReference; lastKnownFileType = folder.assetcatalog; path = ImageAssets.xcassets; sourceTree = "<group>"; };
		9874AA08284DA49A006D5D60 /* UIColor+Extension.swift */ = {isa = PBXFileReference; lastKnownFileType = sourcecode.swift; path = "UIColor+Extension.swift"; sourceTree = "<group>"; };
		9874AA0A284DD058006D5D60 /* RoomDetailCarouselImagesView.swift */ = {isa = PBXFileReference; lastKnownFileType = sourcecode.swift; path = RoomDetailCarouselImagesView.swift; sourceTree = "<group>"; };
		989934A12844E98600317A84 /* RoomDetailRepository.swift */ = {isa = PBXFileReference; lastKnownFileType = sourcecode.swift; path = RoomDetailRepository.swift; sourceTree = "<group>"; };
		989934A32844F23300317A84 /* RoomDetail.swift */ = {isa = PBXFileReference; lastKnownFileType = sourcecode.swift; path = RoomDetail.swift; sourceTree = "<group>"; };
		989934A52844F56A00317A84 /* EndPoint.swift */ = {isa = PBXFileReference; lastKnownFileType = sourcecode.swift; path = EndPoint.swift; sourceTree = "<group>"; };
		989934A72844F5A700317A84 /* ContentType.swift */ = {isa = PBXFileReference; lastKnownFileType = sourcecode.swift; path = ContentType.swift; sourceTree = "<group>"; };
		989934A92844F5C100317A84 /* HttpMethod.swift */ = {isa = PBXFileReference; lastKnownFileType = sourcecode.swift; path = HttpMethod.swift; sourceTree = "<group>"; };
		989934AB2844F69500317A84 /* RoomDetailUseCase.swift */ = {isa = PBXFileReference; lastKnownFileType = sourcecode.swift; path = RoomDetailUseCase.swift; sourceTree = "<group>"; };
		98B2756E2848F11D003BE859 /* Margins.swift */ = {isa = PBXFileReference; lastKnownFileType = sourcecode.swift; path = Margins.swift; sourceTree = "<group>"; };
		98B98E102847C94300F76D11 /* RoomDetailDescriptionView.swift */ = {isa = PBXFileReference; lastKnownFileType = sourcecode.swift; path = RoomDetailDescriptionView.swift; sourceTree = "<group>"; };
		98B98E122847CA3100F76D11 /* UIView+Extension.swift */ = {isa = PBXFileReference; lastKnownFileType = sourcecode.swift; path = "UIView+Extension.swift"; sourceTree = "<group>"; };
		98B98E142847CAB800F76D11 /* RoomDetailHostProfileView.swift */ = {isa = PBXFileReference; lastKnownFileType = sourcecode.swift; path = RoomDetailHostProfileView.swift; sourceTree = "<group>"; };
		98B98E162847CAEE00F76D11 /* RoomDetailTitleView.swift */ = {isa = PBXFileReference; lastKnownFileType = sourcecode.swift; path = RoomDetailTitleView.swift; sourceTree = "<group>"; };
		98B98E182847CB5800F76D11 /* RoomDetailReservateView.swift */ = {isa = PBXFileReference; lastKnownFileType = sourcecode.swift; path = RoomDetailReservateView.swift; sourceTree = "<group>"; };
		98B98E1A2847E23400F76D11 /* RoundButton.swift */ = {isa = PBXFileReference; lastKnownFileType = sourcecode.swift; path = RoundButton.swift; sourceTree = "<group>"; };
		98E0C686283DF8DA00C5BDF9 /* RoomPosition.swift */ = {isa = PBXFileReference; lastKnownFileType = sourcecode.swift; path = RoomPosition.swift; sourceTree = "<group>"; };
		98F11302283F11B700009232 /* PositionSearchUseCase.swift */ = {isa = PBXFileReference; lastKnownFileType = sourcecode.swift; path = PositionSearchUseCase.swift; sourceTree = "<group>"; };
		98F11305283F27C000009232 /* Observable.swift */ = {isa = PBXFileReference; lastKnownFileType = sourcecode.swift; path = Observable.swift; sourceTree = "<group>"; };
		98FAC3BE285283E2005475D7 /* RoomDetailRepositoryProtocol.swift */ = {isa = PBXFileReference; lastKnownFileType = sourcecode.swift; path = RoomDetailRepositoryProtocol.swift; sourceTree = "<group>"; };
		B509352F283DCB490017C8E0 /* PositionSearchViewController.swift */ = {isa = PBXFileReference; lastKnownFileType = sourcecode.swift; path = PositionSearchViewController.swift; sourceTree = "<group>"; };
		B5093538283E12D70017C8E0 /* RoomPositionCategory.swift */ = {isa = PBXFileReference; lastKnownFileType = sourcecode.swift; path = RoomPositionCategory.swift; sourceTree = "<group>"; };
		B509353A283F68C50017C8E0 /* SearchFilterViewController.swift */ = {isa = PBXFileReference; lastKnownFileType = sourcecode.swift; path = SearchFilterViewController.swift; sourceTree = "<group>"; };
		B5093543283FD3F90017C8E0 /* SearchFilterTableViewCell.swift */ = {isa = PBXFileReference; lastKnownFileType = sourcecode.swift; path = SearchFilterTableViewCell.swift; sourceTree = "<group>"; };
		B5093545283FD50D0017C8E0 /* FilterCategory.swift */ = {isa = PBXFileReference; lastKnownFileType = sourcecode.swift; path = FilterCategory.swift; sourceTree = "<group>"; };
		B5093547283FEA200017C8E0 /* CustomTableDataSource.swift */ = {isa = PBXFileReference; lastKnownFileType = sourcecode.swift; path = CustomTableDataSource.swift; sourceTree = "<group>"; };
		B55A638C2845AC5B00E08EE0 /* SearchFilterUseCase.swift */ = {isa = PBXFileReference; lastKnownFileType = sourcecode.swift; path = SearchFilterUseCase.swift; sourceTree = "<group>"; };
		B55A638F284706A800E08EE0 /* RoomPositionMapRepository.swift */ = {isa = PBXFileReference; lastKnownFileType = sourcecode.swift; path = RoomPositionMapRepository.swift; sourceTree = "<group>"; };
		B55A6391284706B100E08EE0 /* RoomPositionMapUseCase.swift */ = {isa = PBXFileReference; lastKnownFileType = sourcecode.swift; path = RoomPositionMapUseCase.swift; sourceTree = "<group>"; };
		B55A63932847070200E08EE0 /* JsonHandler.swift */ = {isa = PBXFileReference; lastKnownFileType = sourcecode.swift; path = JsonHandler.swift; sourceTree = "<group>"; };
		B55A639728470EC400E08EE0 /* RoomPositionInfo.swift */ = {isa = PBXFileReference; lastKnownFileType = sourcecode.swift; path = RoomPositionInfo.swift; sourceTree = "<group>"; };
		B55A639928471E7100E08EE0 /* RoomPositionMapCollectionViewCell.swift */ = {isa = PBXFileReference; lastKnownFileType = sourcecode.swift; path = RoomPositionMapCollectionViewCell.swift; sourceTree = "<group>"; };
		B55A639B28477E9600E08EE0 /* CustomCollectionViewDataSource.swift */ = {isa = PBXFileReference; lastKnownFileType = sourcecode.swift; path = CustomCollectionViewDataSource.swift; sourceTree = "<group>"; };
		B55A639D2847C89E00E08EE0 /* CustomGoogleMapMarker.swift */ = {isa = PBXFileReference; lastKnownFileType = sourcecode.swift; path = CustomGoogleMapMarker.swift; sourceTree = "<group>"; };
		B56F5A81284E0CB700458C44 /* ConfigProperty.plist */ = {isa = PBXFileReference; fileEncoding = 4; lastKnownFileType = text.plist.xml; name = ConfigProperty.plist; path = Airbnb/ConfigProperty.plist; sourceTree = "<group>"; };
		B56F5A84284E0D0E00458C44 /* ReservationViewController.swift */ = {isa = PBXFileReference; fileEncoding = 4; lastKnownFileType = sourcecode.swift; path = ReservationViewController.swift; sourceTree = "<group>"; };
		B56F5A85284E0D0E00458C44 /* ReservationRepository.swift */ = {isa = PBXFileReference; fileEncoding = 4; lastKnownFileType = sourcecode.swift; path = ReservationRepository.swift; sourceTree = "<group>"; };
		B56F5A86284E0D0E00458C44 /* ReservationUseCase.swift */ = {isa = PBXFileReference; fileEncoding = 4; lastKnownFileType = sourcecode.swift; path = ReservationUseCase.swift; sourceTree = "<group>"; };
		B56F5A88284E0D0E00458C44 /* ReservationPriceTableViewCell.swift */ = {isa = PBXFileReference; fileEncoding = 4; lastKnownFileType = sourcecode.swift; path = ReservationPriceTableViewCell.swift; sourceTree = "<group>"; };
		B56F5A89284E0D0E00458C44 /* ConditionLabel.swift */ = {isa = PBXFileReference; fileEncoding = 4; lastKnownFileType = sourcecode.swift; path = ConditionLabel.swift; sourceTree = "<group>"; };
		B56F5A8A284E0D0E00458C44 /* ReservationPriceView.swift */ = {isa = PBXFileReference; fileEncoding = 4; lastKnownFileType = sourcecode.swift; path = ReservationPriceView.swift; sourceTree = "<group>"; };
		B56F5A8B284E0D0E00458C44 /* ReservationConditionView.swift */ = {isa = PBXFileReference; fileEncoding = 4; lastKnownFileType = sourcecode.swift; path = ReservationConditionView.swift; sourceTree = "<group>"; };
		B56F5A93284E0D4000458C44 /* Reservation.swift */ = {isa = PBXFileReference; fileEncoding = 4; lastKnownFileType = sourcecode.swift; path = Reservation.swift; sourceTree = "<group>"; };
		B56F5A95284E21B000458C44 /* DateComponents+Extension.swift */ = {isa = PBXFileReference; lastKnownFileType = sourcecode.swift; path = "DateComponents+Extension.swift"; sourceTree = "<group>"; };
		B56F5A97284E3AF500458C44 /* ReservationPrice.swift */ = {isa = PBXFileReference; lastKnownFileType = sourcecode.swift; path = ReservationPrice.swift; sourceTree = "<group>"; };
		B56F5A99284E3E7C00458C44 /* Int+Extension.swift */ = {isa = PBXFileReference; lastKnownFileType = sourcecode.swift; path = "Int+Extension.swift"; sourceTree = "<group>"; };
		B56F5A9C284F15A700458C44 /* ReservationModelTest.swift */ = {isa = PBXFileReference; lastKnownFileType = sourcecode.swift; path = ReservationModelTest.swift; sourceTree = "<group>"; };
		B56F5A9E284F27F300458C44 /* ReservationUseCaseTest.swift */ = {isa = PBXFileReference; lastKnownFileType = sourcecode.swift; path = ReservationUseCaseTest.swift; sourceTree = "<group>"; };
		B56F5AA0284F28F100458C44 /* MockNetworkServiceManager.swift */ = {isa = PBXFileReference; lastKnownFileType = sourcecode.swift; path = MockNetworkServiceManager.swift; sourceTree = "<group>"; };
		B56F5AA42850433300458C44 /* Mock.json */ = {isa = PBXFileReference; fileEncoding = 4; lastKnownFileType = text.json; name = Mock.json; path = Airbnb/Mock.json; sourceTree = "<group>"; };
		B56F5AA92850C79A00458C44 /* RoomPositionMapUseCaseTest.swift */ = {isa = PBXFileReference; lastKnownFileType = sourcecode.swift; path = RoomPositionMapUseCaseTest.swift; sourceTree = "<group>"; };
		B56F5AAC285106E200458C44 /* roomList.json */ = {isa = PBXFileReference; fileEncoding = 4; lastKnownFileType = text.json; path = roomList.json; sourceTree = "<group>"; };
		B570BC52283FF97C008BBC79 /* RoomPositionMapViewController.swift */ = {isa = PBXFileReference; lastKnownFileType = sourcecode.swift; path = RoomPositionMapViewController.swift; sourceTree = "<group>"; };
		B5A1335428519A2D005274D6 /* ConfigProperty.plist */ = {isa = PBXFileReference; lastKnownFileType = text.plist.xml; name = ConfigProperty.plist; path = Airbnb/ConfigProperty.plist; sourceTree = "<group>"; };
		B5A133552852343F005274D6 /* PriceCalculator.swift */ = {isa = PBXFileReference; lastKnownFileType = sourcecode.swift; path = PriceCalculator.swift; sourceTree = "<group>"; };
		B5A1335728524594005274D6 /* SearchCondition.swift */ = {isa = PBXFileReference; lastKnownFileType = sourcecode.swift; path = SearchCondition.swift; sourceTree = "<group>"; };
		B5A1335A2852584D005274D6 /* HomeHeaderLabel.swift */ = {isa = PBXFileReference; lastKnownFileType = sourcecode.swift; path = HomeHeaderLabel.swift; sourceTree = "<group>"; };
		B5E098E828406B8D00A69BDF /* PrivateStorage.swift */ = {isa = PBXFileReference; lastKnownFileType = sourcecode.swift; path = PrivateStorage.swift; sourceTree = "<group>"; };
		B8C1C869B0BC716E37E2003A /* Pods_Airbnb_AirbnbUITests.framework */ = {isa = PBXFileReference; explicitFileType = wrapper.framework; includeInIndex = 0; path = Pods_Airbnb_AirbnbUITests.framework; sourceTree = BUILT_PRODUCTS_DIR; };
		BEFEE1A5F46310189AB0CFE3 /* Pods-Airbnb.debug.xcconfig */ = {isa = PBXFileReference; includeInIndex = 1; lastKnownFileType = text.xcconfig; name = "Pods-Airbnb.debug.xcconfig"; path = "Target Support Files/Pods-Airbnb/Pods-Airbnb.debug.xcconfig"; sourceTree = "<group>"; };
		F34848F1544D419C3DAB23FB /* Pods-Airbnb-AirbnbUITests.release.xcconfig */ = {isa = PBXFileReference; includeInIndex = 1; lastKnownFileType = text.xcconfig; name = "Pods-Airbnb-AirbnbUITests.release.xcconfig"; path = "Target Support Files/Pods-Airbnb-AirbnbUITests/Pods-Airbnb-AirbnbUITests.release.xcconfig"; sourceTree = "<group>"; };
		FF875854D5DE14A5E117EF9F /* Pods-Airbnb.release.xcconfig */ = {isa = PBXFileReference; includeInIndex = 1; lastKnownFileType = text.xcconfig; name = "Pods-Airbnb.release.xcconfig"; path = "Target Support Files/Pods-Airbnb/Pods-Airbnb.release.xcconfig"; sourceTree = "<group>"; };
/* End PBXFileReference section */

/* Begin PBXFrameworksBuildPhase section */
		98593DF7283CC75C00B28960 /* Frameworks */ = {
			isa = PBXFrameworksBuildPhase;
			buildActionMask = 2147483647;
			files = (
				0EC21F4C5D33C39B97587978 /* Pods_Airbnb.framework in Frameworks */,
			);
			runOnlyForDeploymentPostprocessing = 0;
		};
		98593E0D283CC75D00B28960 /* Frameworks */ = {
			isa = PBXFrameworksBuildPhase;
			buildActionMask = 2147483647;
			files = (
				B8F22F16D6A74B2E79A1AB68 /* Pods_AirbnbTests.framework in Frameworks */,
			);
			runOnlyForDeploymentPostprocessing = 0;
		};
		98593E17283CC75D00B28960 /* Frameworks */ = {
			isa = PBXFrameworksBuildPhase;
			buildActionMask = 2147483647;
			files = (
				33D6A8E53BA7E69CBCB5293A /* Pods_Airbnb_AirbnbUITests.framework in Frameworks */,
			);
			runOnlyForDeploymentPostprocessing = 0;
		};
/* End PBXFrameworksBuildPhase section */

/* Begin PBXGroup section */
		9804C570592DDE893CEAA804 /* Pods */ = {
			isa = PBXGroup;
			children = (
				BEFEE1A5F46310189AB0CFE3 /* Pods-Airbnb.debug.xcconfig */,
				FF875854D5DE14A5E117EF9F /* Pods-Airbnb.release.xcconfig */,
				23E50ABD7A1410A0653E5928 /* Pods-Airbnb-AirbnbUITests.debug.xcconfig */,
				F34848F1544D419C3DAB23FB /* Pods-Airbnb-AirbnbUITests.release.xcconfig */,
				961C633AEAC04338E9FA3D24 /* Pods-AirbnbTests.debug.xcconfig */,
				54E47D54C555F8528176E246 /* Pods-AirbnbTests.release.xcconfig */,
			);
			path = Pods;
			sourceTree = "<group>";
		};
		98113AB4284893E7007412E2 /* View */ = {
			isa = PBXGroup;
			children = (
				98113AB5284893F7007412E2 /* SearchResultRoomsHeaderView.swift */,
				98113AB728489428007412E2 /* SearchResultRoomCell.swift */,
			);
			path = View;
			sourceTree = "<group>";
		};
		982F76562844BD5700DF8523 /* RoomDetail */ = {
			isa = PBXGroup;
			children = (
				98B98E0F2847C90600F76D11 /* View */,
				989934A12844E98600317A84 /* RoomDetailRepository.swift */,
				982F76582844BE5900DF8523 /* RoomDetailViewController.swift */,
				989934AB2844F69500317A84 /* RoomDetailUseCase.swift */,
				98FAC3BE285283E2005475D7 /* RoomDetailRepositoryProtocol.swift */,
			);
			path = RoomDetail;
			sourceTree = "<group>";
		};
		982F76572844BDAA00DF8523 /* SearchFilter */ = {
			isa = PBXGroup;
			children = (
				B55BF3D92848F89D009634F8 /* View */,
				B509353A283F68C50017C8E0 /* SearchFilterViewController.swift */,
				B55A638C2845AC5B00E08EE0 /* SearchFilterUseCase.swift */,
			);
			path = SearchFilter;
			sourceTree = "<group>";
		};
		982F765A2844C30E00DF8523 /* Server */ = {
			isa = PBXGroup;
			children = (
				B55BF3D72848F67D009634F8 /* Resource */,
				982F765B2844C33F00DF8523 /* NetworkServiceManager.swift */,
				B56F5AA0284F28F100458C44 /* MockNetworkServiceManager.swift */,
			);
			path = Server;
			sourceTree = "<group>";
		};
		98593DF1283CC75C00B28960 = {
			isa = PBXGroup;
			children = (
				B5A1335428519A2D005274D6 /* ConfigProperty.plist */,
				B56F5AA42850433300458C44 /* Mock.json */,
				98593DFC283CC75C00B28960 /* Airbnb */,
				98593E13283CC75D00B28960 /* AirbnbTests */,
				98593E1D283CC75D00B28960 /* AirbnbUITests */,
				98593DFB283CC75C00B28960 /* Products */,
				9804C570592DDE893CEAA804 /* Pods */,
				ADC22DF6ECAEBC6472DDD6C6 /* Frameworks */,
				B56F5AA62850805500458C44 /* Recovered References */,
			);
			sourceTree = "<group>";
		};
		98593DFB283CC75C00B28960 /* Products */ = {
			isa = PBXGroup;
			children = (
				98593DFA283CC75C00B28960 /* Airbnb.app */,
				98593E10283CC75D00B28960 /* AirbnbTests.xctest */,
				98593E1A283CC75D00B28960 /* AirbnbUITests.xctest */,
			);
			name = Products;
			sourceTree = "<group>";
		};
		98593DFC283CC75C00B28960 /* Airbnb */ = {
			isa = PBXGroup;
			children = (
				B56F5AAB285106AE00458C44 /* Resources */,
				B56F5A83284E0D0E00458C44 /* Reservation */,
				B55A638E284705E900E08EE0 /* RoomPositionMap */,
				982F765A2844C30E00DF8523 /* Server */,
				982F76572844BDAA00DF8523 /* SearchFilter */,
				982F76562844BD5700DF8523 /* RoomDetail */,
				B576AE0E28406ECA00B21D80 /* Home */,
				B576AE0D28406EAB00B21D80 /* Supportings */,
				B576AE0C28406E9600B21D80 /* RoomList */,
				B576AE0B28406E6600B21D80 /* PositionSearch */,
				98F11304283F27B200009232 /* Common */,
				98E0C688283DFAB000C5BDF9 /* Entity */,
				98593E06283CC75D00B28960 /* Assets.xcassets */,
				98593E08283CC75D00B28960 /* LaunchScreen.storyboard */,
				98593E0B283CC75D00B28960 /* Info.plist */,
				B5E098E828406B8D00A69BDF /* PrivateStorage.swift */,
				9874AA06284DA2CF006D5D60 /* ImageAssets.xcassets */,
			);
			path = Airbnb;
			sourceTree = "<group>";
		};
		98593E13283CC75D00B28960 /* AirbnbTests */ = {
			isa = PBXGroup;
			children = (
				B56F5AA82850C78500458C44 /* RoomPositionMap */,
				B56F5A9B284F156D00458C44 /* Reservation */,
				98593E14283CC75D00B28960 /* AirbnbTests.swift */,
				983A6002283F468D00DDB517 /* PositionSearchModelTest.swift */,
			);
			path = AirbnbTests;
			sourceTree = "<group>";
		};
		98593E1D283CC75D00B28960 /* AirbnbUITests */ = {
			isa = PBXGroup;
			children = (
				98593E1E283CC75D00B28960 /* AirbnbUITests.swift */,
				98593E20283CC75D00B28960 /* AirbnbUITestsLaunchTests.swift */,
			);
			path = AirbnbUITests;
			sourceTree = "<group>";
		};
		98B98E0F2847C90600F76D11 /* View */ = {
			isa = PBXGroup;
			children = (
				98B98E102847C94300F76D11 /* RoomDetailDescriptionView.swift */,
				98B98E142847CAB800F76D11 /* RoomDetailHostProfileView.swift */,
				98B98E162847CAEE00F76D11 /* RoomDetailTitleView.swift */,
				98B98E182847CB5800F76D11 /* RoomDetailReservateView.swift */,
				9874AA0A284DD058006D5D60 /* RoomDetailCarouselImagesView.swift */,
			);
			path = View;
			sourceTree = "<group>";
		};
		98E0C688283DFAB000C5BDF9 /* Entity */ = {
			isa = PBXGroup;
			children = (
				B56F5A93284E0D4000458C44 /* Reservation.swift */,
				B56F5A97284E3AF500458C44 /* ReservationPrice.swift */,
				98E0C686283DF8DA00C5BDF9 /* RoomPosition.swift */,
				B5093538283E12D70017C8E0 /* RoomPositionCategory.swift */,
				989934A32844F23300317A84 /* RoomDetail.swift */,
				B55A639728470EC400E08EE0 /* RoomPositionInfo.swift */,
				B5A1335728524594005274D6 /* SearchCondition.swift */,
			);
			path = Entity;
			sourceTree = "<group>";
		};
		98F11304283F27B200009232 /* Common */ = {
			isa = PBXGroup;
			children = (
				98F11305283F27C000009232 /* Observable.swift */,
				98B98E122847CA3100F76D11 /* UIView+Extension.swift */,
				98B98E1A2847E23400F76D11 /* RoundButton.swift */,
				B55A63932847070200E08EE0 /* JsonHandler.swift */,
				B55A639B28477E9600E08EE0 /* CustomCollectionViewDataSource.swift */,
				B5093547283FEA200017C8E0 /* CustomTableDataSource.swift */,
				98B2756E2848F11D003BE859 /* Margins.swift */,
				9874AA08284DA49A006D5D60 /* UIColor+Extension.swift */,
				980C6CB2284FB48E0098D50C /* CodableLayoutView.swift */,
				B56F5A95284E21B000458C44 /* DateComponents+Extension.swift */,
				B56F5A99284E3E7C00458C44 /* Int+Extension.swift */,
			);
			path = Common;
			sourceTree = "<group>";
		};
		ADC22DF6ECAEBC6472DDD6C6 /* Frameworks */ = {
			isa = PBXGroup;
			children = (
				3CC1E133B9F1D8CF1859B8D0 /* Pods_Airbnb.framework */,
				B8C1C869B0BC716E37E2003A /* Pods_Airbnb_AirbnbUITests.framework */,
				0CA6B6A2DF8511623B1A7059 /* Pods_AirbnbTests.framework */,
			);
			name = Frameworks;
			sourceTree = "<group>";
		};
		B55A638E284705E900E08EE0 /* RoomPositionMap */ = {
			isa = PBXGroup;
			children = (
				B55BF3DA2848F8BA009634F8 /* View */,
				B570BC52283FF97C008BBC79 /* RoomPositionMapViewController.swift */,
				B55A638F284706A800E08EE0 /* RoomPositionMapRepository.swift */,
				B55A6391284706B100E08EE0 /* RoomPositionMapUseCase.swift */,
			);
			path = RoomPositionMap;
			sourceTree = "<group>";
		};
		B55BF3D72848F67D009634F8 /* Resource */ = {
			isa = PBXGroup;
			children = (
				989934A52844F56A00317A84 /* EndPoint.swift */,
				989934A72844F5A700317A84 /* ContentType.swift */,
				989934A92844F5C100317A84 /* HttpMethod.swift */,
			);
			path = Resource;
			sourceTree = "<group>";
		};
		B55BF3D92848F89D009634F8 /* View */ = {
			isa = PBXGroup;
			children = (
				B5093543283FD3F90017C8E0 /* SearchFilterTableViewCell.swift */,
				B5093545283FD50D0017C8E0 /* FilterCategory.swift */,
			);
			path = View;
			sourceTree = "<group>";
		};
		B55BF3DA2848F8BA009634F8 /* View */ = {
			isa = PBXGroup;
			children = (
				B55A639928471E7100E08EE0 /* RoomPositionMapCollectionViewCell.swift */,
				B55A639D2847C89E00E08EE0 /* CustomGoogleMapMarker.swift */,
			);
			path = View;
			sourceTree = "<group>";
		};
		B56F5A83284E0D0E00458C44 /* Reservation */ = {
			isa = PBXGroup;
			children = (
				B56F5A84284E0D0E00458C44 /* ReservationViewController.swift */,
				B56F5A85284E0D0E00458C44 /* ReservationRepository.swift */,
				B56F5A86284E0D0E00458C44 /* ReservationUseCase.swift */,
				B5A133552852343F005274D6 /* PriceCalculator.swift */,
				B56F5A87284E0D0E00458C44 /* Views */,
			);
			path = Reservation;
			sourceTree = "<group>";
		};
		B56F5A87284E0D0E00458C44 /* Views */ = {
			isa = PBXGroup;
			children = (
				B56F5A88284E0D0E00458C44 /* ReservationPriceTableViewCell.swift */,
				B56F5A89284E0D0E00458C44 /* ConditionLabel.swift */,
				B56F5A8A284E0D0E00458C44 /* ReservationPriceView.swift */,
				B56F5A8B284E0D0E00458C44 /* ReservationConditionView.swift */,
			);
			path = Views;
			sourceTree = "<group>";
		};
		B56F5A9B284F156D00458C44 /* Reservation */ = {
			isa = PBXGroup;
			children = (
				B56F5A9C284F15A700458C44 /* ReservationModelTest.swift */,
				B56F5A9E284F27F300458C44 /* ReservationUseCaseTest.swift */,
			);
			path = Reservation;
			sourceTree = "<group>";
		};
		B56F5AA62850805500458C44 /* Recovered References */ = {
			isa = PBXGroup;
			children = (
				B56F5A81284E0CB700458C44 /* ConfigProperty.plist */,
			);
			name = "Recovered References";
			sourceTree = "<group>";
		};
		B56F5AA82850C78500458C44 /* RoomPositionMap */ = {
			isa = PBXGroup;
			children = (
				B56F5AA92850C79A00458C44 /* RoomPositionMapUseCaseTest.swift */,
			);
			path = RoomPositionMap;
			sourceTree = "<group>";
		};
		B56F5AAB285106AE00458C44 /* Resources */ = {
			isa = PBXGroup;
			children = (
				B56F5AAC285106E200458C44 /* roomList.json */,
			);
			path = Resources;
			sourceTree = "<group>";
		};
		B576AE0B28406E6600B21D80 /* PositionSearch */ = {
			isa = PBXGroup;
			children = (
				B509352F283DCB490017C8E0 /* PositionSearchViewController.swift */,
				98F11302283F11B700009232 /* PositionSearchUseCase.swift */,
				983A6004283F6CF600DDB517 /* PositionSearchFactory.swift */,
			);
			path = PositionSearch;
			sourceTree = "<group>";
		};
		B576AE0C28406E9600B21D80 /* RoomList */ = {
			isa = PBXGroup;
			children = (
				98113AB4284893E7007412E2 /* View */,
				986B0059283F86C2008E3EEB /* RoomListViewController.swift */,
				98113AB228488A42007412E2 /* RoomListUseCase.swift */,
			);
			path = RoomList;
			sourceTree = "<group>";
		};
		B576AE0D28406EAB00B21D80 /* Supportings */ = {
			isa = PBXGroup;
			children = (
				98593DFD283CC75C00B28960 /* AppDelegate.swift */,
				98593DFF283CC75C00B28960 /* SceneDelegate.swift */,
			);
			path = Supportings;
			sourceTree = "<group>";
		};
		B576AE0E28406ECA00B21D80 /* Home */ = {
			isa = PBXGroup;
			children = (
				B5A1335928525839005274D6 /* View */,
				98593E01283CC75C00B28960 /* HomeViewController.swift */,
			);
			path = Home;
			sourceTree = "<group>";
		};
		B5A1335928525839005274D6 /* View */ = {
			isa = PBXGroup;
			children = (
				B5A1335A2852584D005274D6 /* HomeHeaderLabel.swift */,
			);
			path = View;
			sourceTree = "<group>";
		};
/* End PBXGroup section */

/* Begin PBXNativeTarget section */
		98593DF9283CC75C00B28960 /* Airbnb */ = {
			isa = PBXNativeTarget;
			buildConfigurationList = 98593E24283CC75D00B28960 /* Build configuration list for PBXNativeTarget "Airbnb" */;
			buildPhases = (
				70753A8212A93FC107948031 /* [CP] Check Pods Manifest.lock */,
				98593DF6283CC75C00B28960 /* Sources */,
				98593DF7283CC75C00B28960 /* Frameworks */,
				98593DF8283CC75C00B28960 /* Resources */,
				E021B2C735E93F059E107233 /* [CP] Copy Pods Resources */,
				B596162F2844617D00F2C30C /* ShellScript */,
				2D15877A2DDDB1FB8B0EFD93 /* [CP] Embed Pods Frameworks */,
			);
			buildRules = (
			);
			dependencies = (
			);
			name = Airbnb;
			productName = Airbnb;
			productReference = 98593DFA283CC75C00B28960 /* Airbnb.app */;
			productType = "com.apple.product-type.application";
		};
		98593E0F283CC75D00B28960 /* AirbnbTests */ = {
			isa = PBXNativeTarget;
			buildConfigurationList = 98593E27283CC75D00B28960 /* Build configuration list for PBXNativeTarget "AirbnbTests" */;
			buildPhases = (
				22D3CB255FF7937BC746EC6D /* [CP] Check Pods Manifest.lock */,
				98593E0C283CC75D00B28960 /* Sources */,
				98593E0D283CC75D00B28960 /* Frameworks */,
				98593E0E283CC75D00B28960 /* Resources */,
			);
			buildRules = (
			);
			dependencies = (
				98593E12283CC75D00B28960 /* PBXTargetDependency */,
			);
			name = AirbnbTests;
			productName = AirbnbTests;
			productReference = 98593E10283CC75D00B28960 /* AirbnbTests.xctest */;
			productType = "com.apple.product-type.bundle.unit-test";
		};
		98593E19283CC75D00B28960 /* AirbnbUITests */ = {
			isa = PBXNativeTarget;
			buildConfigurationList = 98593E2A283CC75D00B28960 /* Build configuration list for PBXNativeTarget "AirbnbUITests" */;
			buildPhases = (
				5F20EC6ED7B49A5968279C37 /* [CP] Check Pods Manifest.lock */,
				98593E16283CC75D00B28960 /* Sources */,
				98593E17283CC75D00B28960 /* Frameworks */,
				98593E18283CC75D00B28960 /* Resources */,
				BCE5780625BE7E6E2FEA5638 /* [CP] Copy Pods Resources */,
				4DC5B074B86C47A6F0864809 /* [CP] Embed Pods Frameworks */,
			);
			buildRules = (
			);
			dependencies = (
				98593E1C283CC75D00B28960 /* PBXTargetDependency */,
			);
			name = AirbnbUITests;
			productName = AirbnbUITests;
			productReference = 98593E1A283CC75D00B28960 /* AirbnbUITests.xctest */;
			productType = "com.apple.product-type.bundle.ui-testing";
		};
/* End PBXNativeTarget section */

/* Begin PBXProject section */
		98593DF2283CC75C00B28960 /* Project object */ = {
			isa = PBXProject;
			attributes = {
				BuildIndependentTargetsInParallel = 1;
				LastSwiftUpdateCheck = 1330;
				LastUpgradeCheck = 1330;
				TargetAttributes = {
					98593DF9283CC75C00B28960 = {
						CreatedOnToolsVersion = 13.3;
					};
					98593E0F283CC75D00B28960 = {
						CreatedOnToolsVersion = 13.3;
						TestTargetID = 98593DF9283CC75C00B28960;
					};
					98593E19283CC75D00B28960 = {
						CreatedOnToolsVersion = 13.3;
						TestTargetID = 98593DF9283CC75C00B28960;
					};
				};
			};
			buildConfigurationList = 98593DF5283CC75C00B28960 /* Build configuration list for PBXProject "Airbnb" */;
			compatibilityVersion = "Xcode 13.0";
			developmentRegion = en;
			hasScannedForEncodings = 0;
			knownRegions = (
				en,
				Base,
			);
			mainGroup = 98593DF1283CC75C00B28960;
			productRefGroup = 98593DFB283CC75C00B28960 /* Products */;
			projectDirPath = "";
			projectRoot = "";
			targets = (
				98593DF9283CC75C00B28960 /* Airbnb */,
				98593E0F283CC75D00B28960 /* AirbnbTests */,
				98593E19283CC75D00B28960 /* AirbnbUITests */,
			);
		};
/* End PBXProject section */

/* Begin PBXResourcesBuildPhase section */
		98593DF8283CC75C00B28960 /* Resources */ = {
			isa = PBXResourcesBuildPhase;
			buildActionMask = 2147483647;
			files = (
				B56F5AAD285106E300458C44 /* roomList.json in Resources */,
				98593E0A283CC75D00B28960 /* LaunchScreen.storyboard in Resources */,
				9874AA07284DA2CF006D5D60 /* ImageAssets.xcassets in Resources */,
				B56F5A82284E0CB700458C44 /* ConfigProperty.plist in Resources */,
				98593E07283CC75D00B28960 /* Assets.xcassets in Resources */,
			);
			runOnlyForDeploymentPostprocessing = 0;
		};
		98593E0E283CC75D00B28960 /* Resources */ = {
			isa = PBXResourcesBuildPhase;
			buildActionMask = 2147483647;
			files = (
			);
			runOnlyForDeploymentPostprocessing = 0;
		};
		98593E18283CC75D00B28960 /* Resources */ = {
			isa = PBXResourcesBuildPhase;
			buildActionMask = 2147483647;
			files = (
			);
			runOnlyForDeploymentPostprocessing = 0;
		};
/* End PBXResourcesBuildPhase section */

/* Begin PBXShellScriptBuildPhase section */
		22D3CB255FF7937BC746EC6D /* [CP] Check Pods Manifest.lock */ = {
			isa = PBXShellScriptBuildPhase;
			buildActionMask = 2147483647;
			files = (
			);
			inputFileListPaths = (
			);
			inputPaths = (
				"${PODS_PODFILE_DIR_PATH}/Podfile.lock",
				"${PODS_ROOT}/Manifest.lock",
			);
			name = "[CP] Check Pods Manifest.lock";
			outputFileListPaths = (
			);
			outputPaths = (
				"$(DERIVED_FILE_DIR)/Pods-AirbnbTests-checkManifestLockResult.txt",
			);
			runOnlyForDeploymentPostprocessing = 0;
			shellPath = /bin/sh;
			shellScript = "diff \"${PODS_PODFILE_DIR_PATH}/Podfile.lock\" \"${PODS_ROOT}/Manifest.lock\" > /dev/null\nif [ $? != 0 ] ; then\n    # print error to STDERR\n    echo \"error: The sandbox is not in sync with the Podfile.lock. Run 'pod install' or update your CocoaPods installation.\" >&2\n    exit 1\nfi\n# This output is used by Xcode 'outputs' to avoid re-running this script phase.\necho \"SUCCESS\" > \"${SCRIPT_OUTPUT_FILE_0}\"\n";
			showEnvVarsInLog = 0;
		};
		2D15877A2DDDB1FB8B0EFD93 /* [CP] Embed Pods Frameworks */ = {
			isa = PBXShellScriptBuildPhase;
			buildActionMask = 2147483647;
			files = (
			);
			inputFileListPaths = (
				"${PODS_ROOT}/Target Support Files/Pods-Airbnb/Pods-Airbnb-frameworks-${CONFIGURATION}-input-files.xcfilelist",
			);
			name = "[CP] Embed Pods Frameworks";
			outputFileListPaths = (
				"${PODS_ROOT}/Target Support Files/Pods-Airbnb/Pods-Airbnb-frameworks-${CONFIGURATION}-output-files.xcfilelist",
			);
			runOnlyForDeploymentPostprocessing = 0;
			shellPath = /bin/sh;
			shellScript = "\"${PODS_ROOT}/Target Support Files/Pods-Airbnb/Pods-Airbnb-frameworks.sh\"\n";
			showEnvVarsInLog = 0;
		};
		4DC5B074B86C47A6F0864809 /* [CP] Embed Pods Frameworks */ = {
			isa = PBXShellScriptBuildPhase;
			buildActionMask = 2147483647;
			files = (
			);
			inputFileListPaths = (
				"${PODS_ROOT}/Target Support Files/Pods-Airbnb-AirbnbUITests/Pods-Airbnb-AirbnbUITests-frameworks-${CONFIGURATION}-input-files.xcfilelist",
			);
			name = "[CP] Embed Pods Frameworks";
			outputFileListPaths = (
				"${PODS_ROOT}/Target Support Files/Pods-Airbnb-AirbnbUITests/Pods-Airbnb-AirbnbUITests-frameworks-${CONFIGURATION}-output-files.xcfilelist",
			);
			runOnlyForDeploymentPostprocessing = 0;
			shellPath = /bin/sh;
			shellScript = "\"${PODS_ROOT}/Target Support Files/Pods-Airbnb-AirbnbUITests/Pods-Airbnb-AirbnbUITests-frameworks.sh\"\n";
			showEnvVarsInLog = 0;
		};
		5F20EC6ED7B49A5968279C37 /* [CP] Check Pods Manifest.lock */ = {
			isa = PBXShellScriptBuildPhase;
			buildActionMask = 2147483647;
			files = (
			);
			inputFileListPaths = (
			);
			inputPaths = (
				"${PODS_PODFILE_DIR_PATH}/Podfile.lock",
				"${PODS_ROOT}/Manifest.lock",
			);
			name = "[CP] Check Pods Manifest.lock";
			outputFileListPaths = (
			);
			outputPaths = (
				"$(DERIVED_FILE_DIR)/Pods-Airbnb-AirbnbUITests-checkManifestLockResult.txt",
			);
			runOnlyForDeploymentPostprocessing = 0;
			shellPath = /bin/sh;
			shellScript = "diff \"${PODS_PODFILE_DIR_PATH}/Podfile.lock\" \"${PODS_ROOT}/Manifest.lock\" > /dev/null\nif [ $? != 0 ] ; then\n    # print error to STDERR\n    echo \"error: The sandbox is not in sync with the Podfile.lock. Run 'pod install' or update your CocoaPods installation.\" >&2\n    exit 1\nfi\n# This output is used by Xcode 'outputs' to avoid re-running this script phase.\necho \"SUCCESS\" > \"${SCRIPT_OUTPUT_FILE_0}\"\n";
			showEnvVarsInLog = 0;
		};
		70753A8212A93FC107948031 /* [CP] Check Pods Manifest.lock */ = {
			isa = PBXShellScriptBuildPhase;
			buildActionMask = 2147483647;
			files = (
			);
			inputFileListPaths = (
			);
			inputPaths = (
				"${PODS_PODFILE_DIR_PATH}/Podfile.lock",
				"${PODS_ROOT}/Manifest.lock",
			);
			name = "[CP] Check Pods Manifest.lock";
			outputFileListPaths = (
			);
			outputPaths = (
				"$(DERIVED_FILE_DIR)/Pods-Airbnb-checkManifestLockResult.txt",
			);
			runOnlyForDeploymentPostprocessing = 0;
			shellPath = /bin/sh;
			shellScript = "diff \"${PODS_PODFILE_DIR_PATH}/Podfile.lock\" \"${PODS_ROOT}/Manifest.lock\" > /dev/null\nif [ $? != 0 ] ; then\n    # print error to STDERR\n    echo \"error: The sandbox is not in sync with the Podfile.lock. Run 'pod install' or update your CocoaPods installation.\" >&2\n    exit 1\nfi\n# This output is used by Xcode 'outputs' to avoid re-running this script phase.\necho \"SUCCESS\" > \"${SCRIPT_OUTPUT_FILE_0}\"\n";
			showEnvVarsInLog = 0;
		};
		B596162F2844617D00F2C30C /* ShellScript */ = {
			isa = PBXShellScriptBuildPhase;
			buildActionMask = 2147483647;
			files = (
			);
			inputFileListPaths = (
			);
			inputPaths = (
			);
			outputFileListPaths = (
			);
			outputPaths = (
			);
			runOnlyForDeploymentPostprocessing = 0;
			shellPath = /bin/sh;
			shellScript = "# Type a script or drag a script file from your workspace to insert its path.\n${PODS_ROOT}/SwiftLint/swiftlint\n";
		};
		BCE5780625BE7E6E2FEA5638 /* [CP] Copy Pods Resources */ = {
			isa = PBXShellScriptBuildPhase;
			buildActionMask = 2147483647;
			files = (
			);
			inputFileListPaths = (
				"${PODS_ROOT}/Target Support Files/Pods-Airbnb-AirbnbUITests/Pods-Airbnb-AirbnbUITests-resources-${CONFIGURATION}-input-files.xcfilelist",
			);
			name = "[CP] Copy Pods Resources";
			outputFileListPaths = (
				"${PODS_ROOT}/Target Support Files/Pods-Airbnb-AirbnbUITests/Pods-Airbnb-AirbnbUITests-resources-${CONFIGURATION}-output-files.xcfilelist",
			);
			runOnlyForDeploymentPostprocessing = 0;
			shellPath = /bin/sh;
			shellScript = "\"${PODS_ROOT}/Target Support Files/Pods-Airbnb-AirbnbUITests/Pods-Airbnb-AirbnbUITests-resources.sh\"\n";
			showEnvVarsInLog = 0;
		};
		E021B2C735E93F059E107233 /* [CP] Copy Pods Resources */ = {
			isa = PBXShellScriptBuildPhase;
			buildActionMask = 2147483647;
			files = (
			);
			inputFileListPaths = (
				"${PODS_ROOT}/Target Support Files/Pods-Airbnb/Pods-Airbnb-resources-${CONFIGURATION}-input-files.xcfilelist",
			);
			name = "[CP] Copy Pods Resources";
			outputFileListPaths = (
				"${PODS_ROOT}/Target Support Files/Pods-Airbnb/Pods-Airbnb-resources-${CONFIGURATION}-output-files.xcfilelist",
			);
			runOnlyForDeploymentPostprocessing = 0;
			shellPath = /bin/sh;
			shellScript = "\"${PODS_ROOT}/Target Support Files/Pods-Airbnb/Pods-Airbnb-resources.sh\"\n";
			showEnvVarsInLog = 0;
		};
/* End PBXShellScriptBuildPhase section */

/* Begin PBXSourcesBuildPhase section */
		98593DF6283CC75C00B28960 /* Sources */ = {
			isa = PBXSourcesBuildPhase;
			buildActionMask = 2147483647;
			files = (
				98B98E1B2847E23400F76D11 /* RoundButton.swift in Sources */,
				98F11306283F27C000009232 /* Observable.swift in Sources */,
				98113AB328488A42007412E2 /* RoomListUseCase.swift in Sources */,
				9874AA09284DA49A006D5D60 /* UIColor+Extension.swift in Sources */,
				B56F5A9A284E3E7C00458C44 /* Int+Extension.swift in Sources */,
				B509353B283F68C50017C8E0 /* SearchFilterViewController.swift in Sources */,
				B55A638D2845AC5B00E08EE0 /* SearchFilterUseCase.swift in Sources */,
				980C6CB3284FB48E0098D50C /* CodableLayoutView.swift in Sources */,
				982F76592844BE5900DF8523 /* RoomDetailViewController.swift in Sources */,
				B5093546283FD50D0017C8E0 /* FilterCategory.swift in Sources */,
				B56F5A8E284E0D0E00458C44 /* ReservationUseCase.swift in Sources */,
				98F11303283F11B700009232 /* PositionSearchUseCase.swift in Sources */,
				98113AB6284893F8007412E2 /* SearchResultRoomsHeaderView.swift in Sources */,
				B5A1335B2852584D005274D6 /* HomeHeaderLabel.swift in Sources */,
				986B005A283F86C2008E3EEB /* RoomListViewController.swift in Sources */,
				B55A6392284706B100E08EE0 /* RoomPositionMapUseCase.swift in Sources */,
				9874AA0B284DD058006D5D60 /* RoomDetailCarouselImagesView.swift in Sources */,
				98E0C687283DF8DA00C5BDF9 /* RoomPosition.swift in Sources */,
				B55A639C28477E9600E08EE0 /* CustomCollectionViewDataSource.swift in Sources */,
				B56F5A8F284E0D0E00458C44 /* ReservationPriceTableViewCell.swift in Sources */,
				B5093539283E12D70017C8E0 /* RoomPositionCategory.swift in Sources */,
				B55A639828470EC400E08EE0 /* RoomPositionInfo.swift in Sources */,
				B5093548283FEA200017C8E0 /* CustomTableDataSource.swift in Sources */,
				98B98E192847CB5800F76D11 /* RoomDetailReservateView.swift in Sources */,
				B56F5A91284E0D0E00458C44 /* ReservationPriceView.swift in Sources */,
				B55A6390284706A800E08EE0 /* RoomPositionMapRepository.swift in Sources */,
				B55A639E2847C89E00E08EE0 /* CustomGoogleMapMarker.swift in Sources */,
				989934AC2844F69500317A84 /* RoomDetailUseCase.swift in Sources */,
				98593E02283CC75C00B28960 /* HomeViewController.swift in Sources */,
				98B98E132847CA3100F76D11 /* UIView+Extension.swift in Sources */,
				983A6005283F6CF600DDB517 /* PositionSearchFactory.swift in Sources */,
				989934A22844E98600317A84 /* RoomDetailRepository.swift in Sources */,
				98B98E172847CAEE00F76D11 /* RoomDetailTitleView.swift in Sources */,
				B56F5A98284E3AF500458C44 /* ReservationPrice.swift in Sources */,
				B55A63942847070200E08EE0 /* JsonHandler.swift in Sources */,
				B56F5A92284E0D0E00458C44 /* ReservationConditionView.swift in Sources */,
				98B2756F2848F11D003BE859 /* Margins.swift in Sources */,
				989934A62844F56A00317A84 /* EndPoint.swift in Sources */,
				B5A1335828524594005274D6 /* SearchCondition.swift in Sources */,
				989934A82844F5A700317A84 /* ContentType.swift in Sources */,
				98593DFE283CC75C00B28960 /* AppDelegate.swift in Sources */,
				B56F5A96284E21B000458C44 /* DateComponents+Extension.swift in Sources */,
				B55A639A28471E7100E08EE0 /* RoomPositionMapCollectionViewCell.swift in Sources */,
				98593E00283CC75C00B28960 /* SceneDelegate.swift in Sources */,
				B5093530283DCB490017C8E0 /* PositionSearchViewController.swift in Sources */,
				98B98E112847C94300F76D11 /* RoomDetailDescriptionView.swift in Sources */,
				989934AA2844F5C100317A84 /* HttpMethod.swift in Sources */,
				989934A42844F23300317A84 /* RoomDetail.swift in Sources */,
				B5093544283FD3F90017C8E0 /* SearchFilterTableViewCell.swift in Sources */,
				B5093544283FD3F90017C8E0 /* SearchFilterTableViewCell.swift in Sources */,
				B56F5AA1284F28F100458C44 /* MockNetworkServiceManager.swift in Sources */,
				98B98E152847CAB800F76D11 /* RoomDetailHostProfileView.swift in Sources */,
				B570BC53283FF97C008BBC79 /* RoomPositionMapViewController.swift in Sources */,
				B5A133562852343F005274D6 /* PriceCalculator.swift in Sources */,
				B5093544283FD3F90017C8E0 /* SearchFilterTableViewCell.swift in Sources */,
				98FAC3BF285283E2005475D7 /* RoomDetailRepositoryProtocol.swift in Sources */,
				B5093544283FD3F90017C8E0 /* SearchFilterTableViewCell.swift in Sources */,
				98B98E152847CAB800F76D11 /* RoomDetailHostProfileView.swift in Sources */,
				B570BC53283FF97C008BBC79 /* RoomPositionMapViewController.swift in Sources */,
				98113AB828489428007412E2 /* SearchResultRoomCell.swift in Sources */,
				B56F5A94284E0D4000458C44 /* Reservation.swift in Sources */,
				B56F5A8D284E0D0E00458C44 /* ReservationRepository.swift in Sources */,
				B5E098E928406B8D00A69BDF /* PrivateStorage.swift in Sources */,
				982F765C2844C33F00DF8523 /* NetworkServiceManager.swift in Sources */,
				B56F5A8C284E0D0E00458C44 /* ReservationViewController.swift in Sources */,
				B56F5A90284E0D0E00458C44 /* ConditionLabel.swift in Sources */,
			);
			runOnlyForDeploymentPostprocessing = 0;
		};
		98593E0C283CC75D00B28960 /* Sources */ = {
			isa = PBXSourcesBuildPhase;
			buildActionMask = 2147483647;
			files = (
				983A6003283F468D00DDB517 /* PositionSearchModelTest.swift in Sources */,
				98593E15283CC75D00B28960 /* AirbnbTests.swift in Sources */,
				B56F5A9D284F15A700458C44 /* ReservationModelTest.swift in Sources */,
				B56F5AAA2850C79A00458C44 /* RoomPositionMapUseCaseTest.swift in Sources */,
				B56F5A9F284F27F300458C44 /* ReservationUseCaseTest.swift in Sources */,
			);
			runOnlyForDeploymentPostprocessing = 0;
		};
		98593E16283CC75D00B28960 /* Sources */ = {
			isa = PBXSourcesBuildPhase;
			buildActionMask = 2147483647;
			files = (
				98593E21283CC75D00B28960 /* AirbnbUITestsLaunchTests.swift in Sources */,
				98593E1F283CC75D00B28960 /* AirbnbUITests.swift in Sources */,
			);
			runOnlyForDeploymentPostprocessing = 0;
		};
/* End PBXSourcesBuildPhase section */

/* Begin PBXTargetDependency section */
		98593E12283CC75D00B28960 /* PBXTargetDependency */ = {
			isa = PBXTargetDependency;
			target = 98593DF9283CC75C00B28960 /* Airbnb */;
			targetProxy = 98593E11283CC75D00B28960 /* PBXContainerItemProxy */;
		};
		98593E1C283CC75D00B28960 /* PBXTargetDependency */ = {
			isa = PBXTargetDependency;
			target = 98593DF9283CC75C00B28960 /* Airbnb */;
			targetProxy = 98593E1B283CC75D00B28960 /* PBXContainerItemProxy */;
		};
/* End PBXTargetDependency section */

/* Begin PBXVariantGroup section */
		98593E08283CC75D00B28960 /* LaunchScreen.storyboard */ = {
			isa = PBXVariantGroup;
			children = (
				98593E09283CC75D00B28960 /* Base */,
			);
			name = LaunchScreen.storyboard;
			sourceTree = "<group>";
		};
/* End PBXVariantGroup section */

/* Begin XCBuildConfiguration section */
		98593E22283CC75D00B28960 /* Debug */ = {
			isa = XCBuildConfiguration;
			buildSettings = {
				ALWAYS_SEARCH_USER_PATHS = NO;
				CLANG_ANALYZER_NONNULL = YES;
				CLANG_ANALYZER_NUMBER_OBJECT_CONVERSION = YES_AGGRESSIVE;
				CLANG_CXX_LANGUAGE_STANDARD = "gnu++17";
				CLANG_ENABLE_MODULES = YES;
				CLANG_ENABLE_OBJC_ARC = YES;
				CLANG_ENABLE_OBJC_WEAK = YES;
				CLANG_WARN_BLOCK_CAPTURE_AUTORELEASING = YES;
				CLANG_WARN_BOOL_CONVERSION = YES;
				CLANG_WARN_COMMA = YES;
				CLANG_WARN_CONSTANT_CONVERSION = YES;
				CLANG_WARN_DEPRECATED_OBJC_IMPLEMENTATIONS = YES;
				CLANG_WARN_DIRECT_OBJC_ISA_USAGE = YES_ERROR;
				CLANG_WARN_DOCUMENTATION_COMMENTS = YES;
				CLANG_WARN_EMPTY_BODY = YES;
				CLANG_WARN_ENUM_CONVERSION = YES;
				CLANG_WARN_INFINITE_RECURSION = YES;
				CLANG_WARN_INT_CONVERSION = YES;
				CLANG_WARN_NON_LITERAL_NULL_CONVERSION = YES;
				CLANG_WARN_OBJC_IMPLICIT_RETAIN_SELF = YES;
				CLANG_WARN_OBJC_LITERAL_CONVERSION = YES;
				CLANG_WARN_OBJC_ROOT_CLASS = YES_ERROR;
				CLANG_WARN_QUOTED_INCLUDE_IN_FRAMEWORK_HEADER = YES;
				CLANG_WARN_RANGE_LOOP_ANALYSIS = YES;
				CLANG_WARN_STRICT_PROTOTYPES = YES;
				CLANG_WARN_SUSPICIOUS_MOVE = YES;
				CLANG_WARN_UNGUARDED_AVAILABILITY = YES_AGGRESSIVE;
				CLANG_WARN_UNREACHABLE_CODE = YES;
				CLANG_WARN__DUPLICATE_METHOD_MATCH = YES;
				COPY_PHASE_STRIP = NO;
				DEBUG_INFORMATION_FORMAT = dwarf;
				ENABLE_STRICT_OBJC_MSGSEND = YES;
				ENABLE_TESTABILITY = YES;
				"EXCLUDED_ARCHS[sdk=iphonesimulator*]" = arm64;
				GCC_C_LANGUAGE_STANDARD = gnu11;
				GCC_DYNAMIC_NO_PIC = NO;
				GCC_NO_COMMON_BLOCKS = YES;
				GCC_OPTIMIZATION_LEVEL = 0;
				GCC_PREPROCESSOR_DEFINITIONS = (
					"DEBUG=1",
					"$(inherited)",
				);
				GCC_WARN_64_TO_32_BIT_CONVERSION = YES;
				GCC_WARN_ABOUT_RETURN_TYPE = YES_ERROR;
				GCC_WARN_UNDECLARED_SELECTOR = YES;
				GCC_WARN_UNINITIALIZED_AUTOS = YES_AGGRESSIVE;
				GCC_WARN_UNUSED_FUNCTION = YES;
				GCC_WARN_UNUSED_VARIABLE = YES;
				IPHONEOS_DEPLOYMENT_TARGET = 15.4;
				MTL_ENABLE_DEBUG_INFO = INCLUDE_SOURCE;
				MTL_FAST_MATH = YES;
				ONLY_ACTIVE_ARCH = YES;
				SDKROOT = iphoneos;
				SWIFT_ACTIVE_COMPILATION_CONDITIONS = DEBUG;
				SWIFT_OPTIMIZATION_LEVEL = "-Onone";
			};
			name = Debug;
		};
		98593E23283CC75D00B28960 /* Release */ = {
			isa = XCBuildConfiguration;
			buildSettings = {
				ALWAYS_SEARCH_USER_PATHS = NO;
				CLANG_ANALYZER_NONNULL = YES;
				CLANG_ANALYZER_NUMBER_OBJECT_CONVERSION = YES_AGGRESSIVE;
				CLANG_CXX_LANGUAGE_STANDARD = "gnu++17";
				CLANG_ENABLE_MODULES = YES;
				CLANG_ENABLE_OBJC_ARC = YES;
				CLANG_ENABLE_OBJC_WEAK = YES;
				CLANG_WARN_BLOCK_CAPTURE_AUTORELEASING = YES;
				CLANG_WARN_BOOL_CONVERSION = YES;
				CLANG_WARN_COMMA = YES;
				CLANG_WARN_CONSTANT_CONVERSION = YES;
				CLANG_WARN_DEPRECATED_OBJC_IMPLEMENTATIONS = YES;
				CLANG_WARN_DIRECT_OBJC_ISA_USAGE = YES_ERROR;
				CLANG_WARN_DOCUMENTATION_COMMENTS = YES;
				CLANG_WARN_EMPTY_BODY = YES;
				CLANG_WARN_ENUM_CONVERSION = YES;
				CLANG_WARN_INFINITE_RECURSION = YES;
				CLANG_WARN_INT_CONVERSION = YES;
				CLANG_WARN_NON_LITERAL_NULL_CONVERSION = YES;
				CLANG_WARN_OBJC_IMPLICIT_RETAIN_SELF = YES;
				CLANG_WARN_OBJC_LITERAL_CONVERSION = YES;
				CLANG_WARN_OBJC_ROOT_CLASS = YES_ERROR;
				CLANG_WARN_QUOTED_INCLUDE_IN_FRAMEWORK_HEADER = YES;
				CLANG_WARN_RANGE_LOOP_ANALYSIS = YES;
				CLANG_WARN_STRICT_PROTOTYPES = YES;
				CLANG_WARN_SUSPICIOUS_MOVE = YES;
				CLANG_WARN_UNGUARDED_AVAILABILITY = YES_AGGRESSIVE;
				CLANG_WARN_UNREACHABLE_CODE = YES;
				CLANG_WARN__DUPLICATE_METHOD_MATCH = YES;
				COPY_PHASE_STRIP = NO;
				DEBUG_INFORMATION_FORMAT = "dwarf-with-dsym";
				ENABLE_NS_ASSERTIONS = NO;
				ENABLE_STRICT_OBJC_MSGSEND = YES;
				"EXCLUDED_ARCHS[sdk=iphonesimulator*]" = arm64;
				GCC_C_LANGUAGE_STANDARD = gnu11;
				GCC_NO_COMMON_BLOCKS = YES;
				GCC_WARN_64_TO_32_BIT_CONVERSION = YES;
				GCC_WARN_ABOUT_RETURN_TYPE = YES_ERROR;
				GCC_WARN_UNDECLARED_SELECTOR = YES;
				GCC_WARN_UNINITIALIZED_AUTOS = YES_AGGRESSIVE;
				GCC_WARN_UNUSED_FUNCTION = YES;
				GCC_WARN_UNUSED_VARIABLE = YES;
				IPHONEOS_DEPLOYMENT_TARGET = 15.4;
				MTL_ENABLE_DEBUG_INFO = NO;
				MTL_FAST_MATH = YES;
				SDKROOT = iphoneos;
				SWIFT_COMPILATION_MODE = wholemodule;
				SWIFT_OPTIMIZATION_LEVEL = "-O";
				VALIDATE_PRODUCT = YES;
			};
			name = Release;
		};
		98593E25283CC75D00B28960 /* Debug */ = {
			isa = XCBuildConfiguration;
			baseConfigurationReference = BEFEE1A5F46310189AB0CFE3 /* Pods-Airbnb.debug.xcconfig */;
			buildSettings = {
				ASSETCATALOG_COMPILER_APPICON_NAME = AppIcon;
				ASSETCATALOG_COMPILER_GLOBAL_ACCENT_COLOR_NAME = AccentColor;
				CODE_SIGN_STYLE = Automatic;
				CURRENT_PROJECT_VERSION = 1;
				DEVELOPMENT_TEAM = B3PWYBKFUK;
				GENERATE_INFOPLIST_FILE = YES;
				INFOPLIST_FILE = Airbnb/Info.plist;
				INFOPLIST_KEY_UIApplicationSupportsIndirectInputEvents = YES;
				INFOPLIST_KEY_UILaunchStoryboardName = LaunchScreen;
				INFOPLIST_KEY_UISupportedInterfaceOrientations_iPad = "UIInterfaceOrientationPortrait UIInterfaceOrientationPortraitUpsideDown UIInterfaceOrientationLandscapeLeft UIInterfaceOrientationLandscapeRight";
				INFOPLIST_KEY_UISupportedInterfaceOrientations_iPhone = "UIInterfaceOrientationPortrait UIInterfaceOrientationLandscapeLeft UIInterfaceOrientationLandscapeRight";
				IPHONEOS_DEPLOYMENT_TARGET = 14.0;
				LD_RUNPATH_SEARCH_PATHS = (
					"$(inherited)",
					"@executable_path/Frameworks",
				);
				MARKETING_VERSION = 1.0;
				PRODUCT_BUNDLE_IDENTIFIER = com.teamSeven.Airbnb;
				PRODUCT_NAME = "$(TARGET_NAME)";
				SWIFT_EMIT_LOC_STRINGS = YES;
				SWIFT_VERSION = 5.0;
				TARGETED_DEVICE_FAMILY = 1;
			};
			name = Debug;
		};
		98593E26283CC75D00B28960 /* Release */ = {
			isa = XCBuildConfiguration;
			baseConfigurationReference = FF875854D5DE14A5E117EF9F /* Pods-Airbnb.release.xcconfig */;
			buildSettings = {
				ASSETCATALOG_COMPILER_APPICON_NAME = AppIcon;
				ASSETCATALOG_COMPILER_GLOBAL_ACCENT_COLOR_NAME = AccentColor;
				CODE_SIGN_STYLE = Automatic;
				CURRENT_PROJECT_VERSION = 1;
				DEVELOPMENT_TEAM = B3PWYBKFUK;
				GENERATE_INFOPLIST_FILE = YES;
				INFOPLIST_FILE = Airbnb/Info.plist;
				INFOPLIST_KEY_UIApplicationSupportsIndirectInputEvents = YES;
				INFOPLIST_KEY_UILaunchStoryboardName = LaunchScreen;
				INFOPLIST_KEY_UISupportedInterfaceOrientations_iPad = "UIInterfaceOrientationPortrait UIInterfaceOrientationPortraitUpsideDown UIInterfaceOrientationLandscapeLeft UIInterfaceOrientationLandscapeRight";
				INFOPLIST_KEY_UISupportedInterfaceOrientations_iPhone = "UIInterfaceOrientationPortrait UIInterfaceOrientationLandscapeLeft UIInterfaceOrientationLandscapeRight";
				IPHONEOS_DEPLOYMENT_TARGET = 14.0;
				LD_RUNPATH_SEARCH_PATHS = (
					"$(inherited)",
					"@executable_path/Frameworks",
				);
				MARKETING_VERSION = 1.0;
				PRODUCT_BUNDLE_IDENTIFIER = com.teamSeven.Airbnb;
				PRODUCT_NAME = "$(TARGET_NAME)";
				SWIFT_EMIT_LOC_STRINGS = YES;
				SWIFT_VERSION = 5.0;
				TARGETED_DEVICE_FAMILY = 1;
			};
			name = Release;
		};
		98593E28283CC75D00B28960 /* Debug */ = {
			isa = XCBuildConfiguration;
			baseConfigurationReference = 961C633AEAC04338E9FA3D24 /* Pods-AirbnbTests.debug.xcconfig */;
			buildSettings = {
				ALWAYS_EMBED_SWIFT_STANDARD_LIBRARIES = YES;
				BUNDLE_LOADER = "$(TEST_HOST)";
				CODE_SIGN_STYLE = Automatic;
				CURRENT_PROJECT_VERSION = 1;
				DEVELOPMENT_TEAM = B3PWYBKFUK;
				GENERATE_INFOPLIST_FILE = YES;
				IPHONEOS_DEPLOYMENT_TARGET = 15.4;
				MARKETING_VERSION = 1.0;
				PRODUCT_BUNDLE_IDENTIFIER = com.teamSeven.AirbnbTests;
				PRODUCT_NAME = "$(TARGET_NAME)";
				SWIFT_EMIT_LOC_STRINGS = NO;
				SWIFT_VERSION = 5.0;
				TARGETED_DEVICE_FAMILY = "1,2";
				TEST_HOST = "$(BUILT_PRODUCTS_DIR)/Airbnb.app/Airbnb";
			};
			name = Debug;
		};
		98593E29283CC75D00B28960 /* Release */ = {
			isa = XCBuildConfiguration;
			baseConfigurationReference = 54E47D54C555F8528176E246 /* Pods-AirbnbTests.release.xcconfig */;
			buildSettings = {
				ALWAYS_EMBED_SWIFT_STANDARD_LIBRARIES = YES;
				BUNDLE_LOADER = "$(TEST_HOST)";
				CODE_SIGN_STYLE = Automatic;
				CURRENT_PROJECT_VERSION = 1;
				DEVELOPMENT_TEAM = B3PWYBKFUK;
				GENERATE_INFOPLIST_FILE = YES;
				IPHONEOS_DEPLOYMENT_TARGET = 15.4;
				MARKETING_VERSION = 1.0;
				PRODUCT_BUNDLE_IDENTIFIER = com.teamSeven.AirbnbTests;
				PRODUCT_NAME = "$(TARGET_NAME)";
				SWIFT_EMIT_LOC_STRINGS = NO;
				SWIFT_VERSION = 5.0;
				TARGETED_DEVICE_FAMILY = "1,2";
				TEST_HOST = "$(BUILT_PRODUCTS_DIR)/Airbnb.app/Airbnb";
			};
			name = Release;
		};
		98593E2B283CC75D00B28960 /* Debug */ = {
			isa = XCBuildConfiguration;
			baseConfigurationReference = 23E50ABD7A1410A0653E5928 /* Pods-Airbnb-AirbnbUITests.debug.xcconfig */;
			buildSettings = {
				ALWAYS_EMBED_SWIFT_STANDARD_LIBRARIES = YES;
				CODE_SIGN_STYLE = Automatic;
				CURRENT_PROJECT_VERSION = 1;
				DEVELOPMENT_TEAM = B3PWYBKFUK;
				GENERATE_INFOPLIST_FILE = YES;
				MARKETING_VERSION = 1.0;
				PRODUCT_BUNDLE_IDENTIFIER = com.teamSeven.AirbnbUITests;
				PRODUCT_NAME = "$(TARGET_NAME)";
				SWIFT_EMIT_LOC_STRINGS = NO;
				SWIFT_VERSION = 5.0;
				TARGETED_DEVICE_FAMILY = "1,2";
				TEST_TARGET_NAME = Airbnb;
			};
			name = Debug;
		};
		98593E2C283CC75D00B28960 /* Release */ = {
			isa = XCBuildConfiguration;
			baseConfigurationReference = F34848F1544D419C3DAB23FB /* Pods-Airbnb-AirbnbUITests.release.xcconfig */;
			buildSettings = {
				ALWAYS_EMBED_SWIFT_STANDARD_LIBRARIES = YES;
				CODE_SIGN_STYLE = Automatic;
				CURRENT_PROJECT_VERSION = 1;
				DEVELOPMENT_TEAM = B3PWYBKFUK;
				GENERATE_INFOPLIST_FILE = YES;
				MARKETING_VERSION = 1.0;
				PRODUCT_BUNDLE_IDENTIFIER = com.teamSeven.AirbnbUITests;
				PRODUCT_NAME = "$(TARGET_NAME)";
				SWIFT_EMIT_LOC_STRINGS = NO;
				SWIFT_VERSION = 5.0;
				TARGETED_DEVICE_FAMILY = "1,2";
				TEST_TARGET_NAME = Airbnb;
			};
			name = Release;
		};
/* End XCBuildConfiguration section */

/* Begin XCConfigurationList section */
		98593DF5283CC75C00B28960 /* Build configuration list for PBXProject "Airbnb" */ = {
			isa = XCConfigurationList;
			buildConfigurations = (
				98593E22283CC75D00B28960 /* Debug */,
				98593E23283CC75D00B28960 /* Release */,
			);
			defaultConfigurationIsVisible = 0;
			defaultConfigurationName = Release;
		};
		98593E24283CC75D00B28960 /* Build configuration list for PBXNativeTarget "Airbnb" */ = {
			isa = XCConfigurationList;
			buildConfigurations = (
				98593E25283CC75D00B28960 /* Debug */,
				98593E26283CC75D00B28960 /* Release */,
			);
			defaultConfigurationIsVisible = 0;
			defaultConfigurationName = Release;
		};
		98593E27283CC75D00B28960 /* Build configuration list for PBXNativeTarget "AirbnbTests" */ = {
			isa = XCConfigurationList;
			buildConfigurations = (
				98593E28283CC75D00B28960 /* Debug */,
				98593E29283CC75D00B28960 /* Release */,
			);
			defaultConfigurationIsVisible = 0;
			defaultConfigurationName = Release;
		};
		98593E2A283CC75D00B28960 /* Build configuration list for PBXNativeTarget "AirbnbUITests" */ = {
			isa = XCConfigurationList;
			buildConfigurations = (
				98593E2B283CC75D00B28960 /* Debug */,
				98593E2C283CC75D00B28960 /* Release */,
			);
			defaultConfigurationIsVisible = 0;
			defaultConfigurationName = Release;
		};
/* End XCConfigurationList section */
	};
	rootObject = 98593DF2283CC75C00B28960 /* Project object */;
}
